
Microsoft Visual Studio Solution File, Format Version 12.00
# Visual Studio Version 16
VisualStudioVersion = 16.0.31205.134
MinimumVisualStudioVersion = 10.0.40219.1
Project("{FAE04EC0-301F-11D3-BF4B-00C04F79EFBC}") = "testingplswork", "testingplswork\testingplswork.csproj", "{1C5BB933-63EA-49DF-8909-04F8341B8C34}"
EndProject
Global
	GlobalSection(SolutionConfigurationPlatforms) = preSolution
		Debug|Any CPU = Debug|Any CPU
		Release|Any CPU = Release|Any CPU
	EndGlobalSection
	GlobalSection(ProjectConfigurationPlatforms) = postSolution
		{1C5BB933-63EA-49DF-8909-04F8341B8C34}.Debug|Any CPU.ActiveCfg = Debug|Any CPU
		{1C5BB933-63EA-49DF-8909-04F8341B8C34}.Debug|Any CPU.Build.0 = Debug|Any CPU
		{1C5BB933-63EA-49DF-8909-04F8341B8C34}.Release|Any CPU.ActiveCfg = Release|Any CPU
		{1C5BB933-63EA-49DF-8909-04F8341B8C34}.Release|Any CPU.Build.0 = Release|Any CPU
	EndGlobalSection
	GlobalSection(SolutionProperties) = preSolution
		HideSolutionNode = FALSE
	EndGlobalSection
	GlobalSection(ExtensibilityGlobals) = postSolution
		SolutionGuid = {8A877209-F165-4B3B-B175-DD983C70B7F0}
	EndGlobalSection
EndGlobal
